{
  "requires": true,
  "lockfileVersion": 1,
  "dependencies": {
    "croppie": {
      "version": "2.6.5",
      "resolved": "https://registry.npmjs.org/croppie/-/croppie-2.6.5.tgz",
      "integrity": "sha512-IlChnVUGG5T3w2gRZIaQgBtlvyuYnlUWs2YZIXXR3H9KrlO1PtBT3j+ykxvy9eZIWhk+V5SpBmhCQz5UXKrEKQ=="
    },
    "sweetalert2": {
      "version": "10.16.6",
      "resolved": "https://registry.npmjs.org/sweetalert2/-/sweetalert2-10.16.6.tgz",
      "integrity": "sha512-089SRfG8NopJAVG9euo+kKHWRaCK6V5WY6v1kySYL07SDF/FEEW1Fu+LqkHqvQ0h3KnQ8AE2Z81mpvhMOlx/Vw=="
    }
  }
}
